github.com/codeGROOVE-dev/ds9 v0.8.1 h1:jXSCoKe6iSjhgdbN1XFkMd1reE0yFWI4fpH5QHtrE4Y=
github.com/codeGROOVE-dev/ds9 v0.8.1/go.mod h1:0UDipxF1DADfqM5GtjefgB2u+EXdDgOKmxVvrSGLHoM=
github.com/klauspost/compress v1.18.5 h1:/h1gH5Ce+VWNLSWqPzOVn6XBO+vJbCNGvjoaGBFW2IE=
github.com/klauspost/compress v1.18.5/go.mod h1:cwPg85FWrGar70rWktvGQj8/hthj3wpl0PGDogxkrSQ=
